{
  "name": "micropython-smarthome-frontend",
  "version": "1.0.0",
  "lockfileVersion": 3,
  "requires": true,
  "packages": {
    "": {
      "name": "micropython-smarthome-frontend",
      "version": "1.0.0",
      "dependencies": {
        "bootstrap": "^5.2.3",
        "bootstrap-icons": "^1.10.4",
        "jquery": "^3.6.4",
        "rangeslider.js": "^2.3.3",
        "smoothscroll-polyfill": "^0.4.4",
        "spinkit": "^2.0.1"
      }
    },
    "node_modules/@popperjs/core": {
      "version": "2.11.7",
      "resolved": "https://registry.npmjs.org/@popperjs/core/-/core-2.11.7.tgz",
      "integrity": "sha512-Cr4OjIkipTtcXKjAsm8agyleBuDHvxzeBoa1v543lbv1YaIwQjESsVcmjiWiPEbC1FIeHOG/Op9kdCmAmiS3Kw==",
      "peer": true,
      "funding": {
        "type": "opencollective",
        "url": "https://opencollective.com/popperjs"
      }
    },
    "node_modules/bootstrap": {
      "version": "5.2.3",
      "resolved": "https://registry.npmjs.org/bootstrap/-/bootstrap-5.2.3.tgz",
      "integrity": "sha512-cEKPM+fwb3cT8NzQZYEu4HilJ3anCrWqh3CHAok1p9jXqMPsPTBhU25fBckEJHJ/p+tTxTFTsFQGM+gaHpi3QQ==",
      "funding": [
        {
          "type": "github",
          "url": "https://github.com/sponsors/twbs"
        },
        {
          "type": "opencollective",
          "url": "https://opencollective.com/bootstrap"
        }
      ],
      "peerDependencies": {
        "@popperjs/core": "^2.11.6"
      }
    },
    "node_modules/bootstrap-icons": {
      "version": "1.10.4",
      "resolved": "https://registry.npmjs.org/bootstrap-icons/-/bootstrap-icons-1.10.4.tgz",
      "integrity": "sha512-eI3HyIUmpGKRiRv15FCZccV+2sreGE2NnmH8mtxV/nPOzQVu0sPEj8HhF1MwjJ31IhjF0rgMvtYOX5VqIzcb/A=="
    },
    "node_modules/jquery": {
      "version": "3.6.4",
      "resolved": "https://registry.npmjs.org/jquery/-/jquery-3.6.4.tgz",
      "integrity": "sha512-v28EW9DWDFpzcD9O5iyJXg3R3+q+mET5JhnjJzQUZMHOv67bpSIHq81GEYpPNZHG+XXHsfSme3nxp/hndKEcsQ=="
    },
    "node_modules/rangeslider.js": {
      "version": "2.3.3",
      "resolved": "https://registry.npmjs.org/rangeslider.js/-/rangeslider.js-2.3.3.tgz",
      "integrity": "sha512-FNpe62R6DfGRPAB5rpDKkZtaMDZ0CFqoLprXtNbYiincgld0bHm/Gs/7iuiSD/naM5C3sz+icY3jghKDcGR17g==",
      "engines": {
        "node": ">=0.8.0"
      },
      "peerDependencies": {
        "jquery": ">=1.9.0"
      }
    },
    "node_modules/smoothscroll-polyfill": {
      "version": "0.4.4",
      "resolved": "https://registry.npmjs.org/smoothscroll-polyfill/-/smoothscroll-polyfill-0.4.4.tgz",
      "integrity": "sha512-TK5ZA9U5RqCwMpfoMq/l1mrH0JAR7y7KRvOBx0n2869aLxch+gT9GhN3yUfjiw+d/DiF1mKo14+hd62JyMmoBg=="
    },
    "node_modules/spinkit": {
      "version": "2.0.1",
      "resolved": "https://registry.npmjs.org/spinkit/-/spinkit-2.0.1.tgz",
      "integrity": "sha512-oYBGY0GV1H1dX+ZdKnB6JVsYC1w/Xl20H111eb+WSS8nUYmlHgGb4y5buFSkzzceEeYYh5kMhXoAmoTpiQauiA=="
    }
  }
}
